{
  "originHash" : "1dd2f3d6d0c65bd388b7e69d9c7b06d3d947d34f37e05d91428df9a450d4e4d2",
  "pins" : [
    {
      "identity" : "cubeloaderkit",
      "kind" : "remoteSourceControl",
      "location" : "https://github.com/GeorgeAGomes/CubeLoaderKit.git",
      "state" : {
        "revision" : "90bca6b6f18b810eca58d8ffe2ef6a5661eab300",
        "version" : "0.1.0-beta.1"
      }
    },
    {
      "identity" : "swiftui-introspect",
      "kind" : "remoteSourceControl",
      "location" : "https://github.com/siteline/swiftui-introspect",
      "state" : {
        "revision" : "807f73ce09a9b9723f12385e592b4e0aaebd3336",
        "version" : "1.3.0"
      }
    },
    {
      "identity" : "swiftui-navigation-transitions",
      "kind" : "remoteSourceControl",
      "location" : "https://github.com/davdroman/swiftui-navigation-transitions.git",
      "state" : {
        "revision" : "76ae9c621422a1f38c30a07c8b7636994b669484",
        "version" : "0.14.0"
      }
    }
  ],
  "version" : 3
}
