// !$*UTF8*$!
{
	archiveVersion = 1;
	classes = {
	};
	objectVersion = 77;
	objects = {

/* Begin PBXBuildFile section */
		5E4734F62DC310DA002E33DE /* Assets.xcassets in Resources */ = {isa = PBXBuildFile; fileRef = 5E4734F12DC310DA002E33DE /* Assets.xcassets */; };
		5E4734F72DC310DA002E33DE /* CameraView.swift in Sources */ = {isa = PBXBuildFile; fileRef = 5E4734F22DC310DA002E33DE /* CameraView.swift */; };
		5E4734F82DC310DA002E33DE /* Item.swift in Sources */ = {isa = PBXBuildFile; fileRef = 5E4734F32DC310DA002E33DE /* Item.swift */; };
		5E4734F92DC310DA002E33DE /* SpeedLensApp.swift in Sources */ = {isa = PBXBuildFile; fileRef = 5E4734F42DC310DA002E33DE /* SpeedLensApp.swift */; };
		5EE012152DC3126D00C8799F /* CubeLoaderKit in Frameworks */ = {isa = PBXBuildFile; productRef = 5EE012142DC3126D00C8799F /* CubeLoaderKit */; };
		5EE0121E2DC41B2F00C8799F /* AppRouter.swift in Sources */ = {isa = PBXBuildFile; fileRef = 5EE0121D2DC41B2F00C8799F /* AppRouter.swift */; };
		5EE012242DC4220100C8799F /* DetailImageView.swift in Sources */ = {isa = PBXBuildFile; fileRef = 5EE012232DC4220100C8799F /* DetailImageView.swift */; };
		5EE012272DC424A100C8799F /* DetailImageFactory.swift in Sources */ = {isa = PBXBuildFile; fileRef = 5EE012262DC424A100C8799F /* DetailImageFactory.swift */; };
		5EE012292DC424C500C8799F /* DetailImageViewModel.swift in Sources */ = {isa = PBXBuildFile; fileRef = 5EE012282DC424C500C8799F /* DetailImageViewModel.swift */; };
		5EE012362DC4283900C8799F /* Original.cube in Resources */ = {isa = PBXBuildFile; fileRef = 5EE0122F2DC4283900C8799F /* Original.cube */; };
		5EE012372DC4283900C8799F /* S-curve_for_CineStyle.cube in Resources */ = {isa = PBXBuildFile; fileRef = 5EE012322DC4283900C8799F /* S-curve_for_CineStyle.cube */; };
		5EE012382DC4283900C8799F /* tealorange.CUBE in Resources */ = {isa = PBXBuildFile; fileRef = 5EE012332DC4283900C8799F /* tealorange.CUBE */; };
		5EE012392DC4283900C8799F /* customizado3.CUBE in Resources */ = {isa = PBXBuildFile; fileRef = 5EE0122E2DC4283900C8799F /* customizado3.CUBE */; };
		5EE0123A2DC4283900C8799F /* 64_myfilter.CUBE in Resources */ = {isa = PBXBuildFile; fileRef = 5EE0122B2DC4283900C8799F /* 64_myfilter.CUBE */; };
		5EE0123B2DC4283900C8799F /* teste.CUBE in Resources */ = {isa = PBXBuildFile; fileRef = 5EE012342DC4283900C8799F /* teste.CUBE */; };
		5EE0123C2DC4283900C8799F /* 1dezinho.CUBE in Resources */ = {isa = PBXBuildFile; fileRef = 5EE0122A2DC4283900C8799F /* 1dezinho.CUBE */; };
		5EE0123D2DC4283900C8799F /* customizado.CUBE in Resources */ = {isa = PBXBuildFile; fileRef = 5EE0122C2DC4283900C8799F /* customizado.CUBE */; };
		5EE0123E2DC4283900C8799F /* provia.CUBE in Resources */ = {isa = PBXBuildFile; fileRef = 5EE012302DC4283900C8799F /* provia.CUBE */; };
		5EE0123F2DC4283900C8799F /* redish.CUBE in Resources */ = {isa = PBXBuildFile; fileRef = 5EE012312DC4283900C8799F /* redish.CUBE */; };
		5EE012402DC4283900C8799F /* customizado2.CUBE in Resources */ = {isa = PBXBuildFile; fileRef = 5EE0122D2DC4283900C8799F /* customizado2.CUBE */; };
		5EE0125A2DC43C8F00C8799F /* CameraPreview.swift in Sources */ = {isa = PBXBuildFile; fileRef = 5EE012572DC43C8F00C8799F /* CameraPreview.swift */; };
		5EE0125B2DC43C8F00C8799F /* CameraViewController.swift in Sources */ = {isa = PBXBuildFile; fileRef = 5EE012582DC43C8F00C8799F /* CameraViewController.swift */; };
/* End PBXBuildFile section */

/* Begin PBXContainerItemProxy section */
		5E4734C12DC30F90002E33DE /* PBXContainerItemProxy */ = {
			isa = PBXContainerItemProxy;
			containerPortal = 5E4734A92DC30F8F002E33DE /* Project object */;
			proxyType = 1;
			remoteGlobalIDString = 5E4734B02DC30F8F002E33DE;
			remoteInfo = SpeedLens;
		};
		5E4734CB2DC30F90002E33DE /* PBXContainerItemProxy */ = {
			isa = PBXContainerItemProxy;
			containerPortal = 5E4734A92DC30F8F002E33DE /* Project object */;
			proxyType = 1;
			remoteGlobalIDString = 5E4734B02DC30F8F002E33DE;
			remoteInfo = SpeedLens;
		};
/* End PBXContainerItemProxy section */

/* Begin PBXFileReference section */
		5E4734B12DC30F8F002E33DE /* SpeedLens.app */ = {isa = PBXFileReference; explicitFileType = wrapper.application; includeInIndex = 0; path = SpeedLens.app; sourceTree = BUILT_PRODUCTS_DIR; };
		5E4734C02DC30F90002E33DE /* SpeedLensTests.xctest */ = {isa = PBXFileReference; explicitFileType = wrapper.cfbundle; includeInIndex = 0; path = SpeedLensTests.xctest; sourceTree = BUILT_PRODUCTS_DIR; };
		5E4734CA2DC30F90002E33DE /* SpeedLensUITests.xctest */ = {isa = PBXFileReference; explicitFileType = wrapper.cfbundle; includeInIndex = 0; path = SpeedLensUITests.xctest; sourceTree = BUILT_PRODUCTS_DIR; };
		5E4734F12DC310DA002E33DE /* Assets.xcassets */ = {isa = PBXFileReference; lastKnownFileType = folder.assetcatalog; path = Assets.xcassets; sourceTree = "<group>"; };
		5E4734F22DC310DA002E33DE /* CameraView.swift */ = {isa = PBXFileReference; lastKnownFileType = sourcecode.swift; path = CameraView.swift; sourceTree = "<group>"; };
		5E4734F32DC310DA002E33DE /* Item.swift */ = {isa = PBXFileReference; lastKnownFileType = sourcecode.swift; path = Item.swift; sourceTree = "<group>"; };
		5E4734F42DC310DA002E33DE /* SpeedLensApp.swift */ = {isa = PBXFileReference; lastKnownFileType = sourcecode.swift; path = SpeedLensApp.swift; sourceTree = "<group>"; };
		5EE0121D2DC41B2F00C8799F /* AppRouter.swift */ = {isa = PBXFileReference; lastKnownFileType = sourcecode.swift; path = AppRouter.swift; sourceTree = "<group>"; };
		5EE012232DC4220100C8799F /* DetailImageView.swift */ = {isa = PBXFileReference; lastKnownFileType = sourcecode.swift; path = DetailImageView.swift; sourceTree = "<group>"; };
		5EE012262DC424A100C8799F /* DetailImageFactory.swift */ = {isa = PBXFileReference; lastKnownFileType = sourcecode.swift; path = DetailImageFactory.swift; sourceTree = "<group>"; };
		5EE012282DC424C500C8799F /* DetailImageViewModel.swift */ = {isa = PBXFileReference; lastKnownFileType = sourcecode.swift; path = DetailImageViewModel.swift; sourceTree = "<group>"; };
		5EE0122A2DC4283900C8799F /* 1dezinho.CUBE */ = {isa = PBXFileReference; lastKnownFileType = text; path = 1dezinho.CUBE; sourceTree = "<group>"; };
		5EE0122B2DC4283900C8799F /* 64_myfilter.CUBE */ = {isa = PBXFileReference; lastKnownFileType = text; path = 64_myfilter.CUBE; sourceTree = "<group>"; };
		5EE0122C2DC4283900C8799F /* customizado.CUBE */ = {isa = PBXFileReference; lastKnownFileType = text; path = customizado.CUBE; sourceTree = "<group>"; };
		5EE0122D2DC4283900C8799F /* customizado2.CUBE */ = {isa = PBXFileReference; lastKnownFileType = text; path = customizado2.CUBE; sourceTree = "<group>"; };
		5EE0122E2DC4283900C8799F /* customizado3.CUBE */ = {isa = PBXFileReference; lastKnownFileType = text; path = customizado3.CUBE; sourceTree = "<group>"; };
		5EE0122F2DC4283900C8799F /* Original.cube */ = {isa = PBXFileReference; lastKnownFileType = text; path = Original.cube; sourceTree = "<group>"; };
		5EE012302DC4283900C8799F /* provia.CUBE */ = {isa = PBXFileReference; lastKnownFileType = text; path = provia.CUBE; sourceTree = "<group>"; };
		5EE012312DC4283900C8799F /* redish.CUBE */ = {isa = PBXFileReference; lastKnownFileType = text; path = redish.CUBE; sourceTree = "<group>"; };
		5EE012322DC4283900C8799F /* S-curve_for_CineStyle.cube */ = {isa = PBXFileReference; lastKnownFileType = text; path = "S-curve_for_CineStyle.cube"; sourceTree = "<group>"; };
		5EE012332DC4283900C8799F /* tealorange.CUBE */ = {isa = PBXFileReference; lastKnownFileType = text; path = tealorange.CUBE; sourceTree = "<group>"; };
		5EE012342DC4283900C8799F /* teste.CUBE */ = {isa = PBXFileReference; lastKnownFileType = text; path = teste.CUBE; sourceTree = "<group>"; };
		5EE012572DC43C8F00C8799F /* CameraPreview.swift */ = {isa = PBXFileReference; lastKnownFileType = sourcecode.swift; path = CameraPreview.swift; sourceTree = "<group>"; };
		5EE012582DC43C8F00C8799F /* CameraViewController.swift */ = {isa = PBXFileReference; lastKnownFileType = sourcecode.swift; path = CameraViewController.swift; sourceTree = "<group>"; };
/* End PBXFileReference section */

/* Begin PBXFileSystemSynchronizedRootGroup section */
		5E4734C32DC30F90002E33DE /* SpeedLensTests */ = {
			isa = PBXFileSystemSynchronizedRootGroup;
			path = SpeedLensTests;
			sourceTree = "<group>";
		};
		5E4734CD2DC30F90002E33DE /* SpeedLensUITests */ = {
			isa = PBXFileSystemSynchronizedRootGroup;
			path = SpeedLensUITests;
			sourceTree = "<group>";
		};
/* End PBXFileSystemSynchronizedRootGroup section */

/* Begin PBXFrameworksBuildPhase section */
		5E4734AE2DC30F8F002E33DE /* Frameworks */ = {
			isa = PBXFrameworksBuildPhase;
			buildActionMask = 2147483647;
			files = (
				5EE012152DC3126D00C8799F /* CubeLoaderKit in Frameworks */,
			);
			runOnlyForDeploymentPostprocessing = 0;
		};
		5E4734BD2DC30F90002E33DE /* Frameworks */ = {
			isa = PBXFrameworksBuildPhase;
			buildActionMask = 2147483647;
			files = (
			);
			runOnlyForDeploymentPostprocessing = 0;
		};
		5E4734C72DC30F90002E33DE /* Frameworks */ = {
			isa = PBXFrameworksBuildPhase;
			buildActionMask = 2147483647;
			files = (
			);
			runOnlyForDeploymentPostprocessing = 0;
		};
/* End PBXFrameworksBuildPhase section */

/* Begin PBXGroup section */
		5E4734A82DC30F8F002E33DE = {
			isa = PBXGroup;
			children = (
				5E4734F52DC310DA002E33DE /* SpeedLens */,
				5E4734C32DC30F90002E33DE /* SpeedLensTests */,
				5E4734CD2DC30F90002E33DE /* SpeedLensUITests */,
				5E4734B22DC30F8F002E33DE /* Products */,
			);
			sourceTree = "<group>";
		};
		5E4734B22DC30F8F002E33DE /* Products */ = {
			isa = PBXGroup;
			children = (
				5E4734B12DC30F8F002E33DE /* SpeedLens.app */,
				5E4734C02DC30F90002E33DE /* SpeedLensTests.xctest */,
				5E4734CA2DC30F90002E33DE /* SpeedLensUITests.xctest */,
			);
			name = Products;
			sourceTree = "<group>";
		};
		5E4734F52DC310DA002E33DE /* SpeedLens */ = {
			isa = PBXGroup;
			children = (
				5EE012202DC41E8C00C8799F /* Modules */,
				5E4734FA2DC310DD002E33DE /* App */,
				5E4734FD2DC31105002E33DE /* Model */,
				5E4734FC2DC310FA002E33DE /* Scenes */,
				5E4734FB2DC310EC002E33DE /* Resources */,
			);
			path = SpeedLens;
			sourceTree = "<group>";
		};
		5E4734FA2DC310DD002E33DE /* App */ = {
			isa = PBXGroup;
			children = (
				5E4734F42DC310DA002E33DE /* SpeedLensApp.swift */,
				5EE0121D2DC41B2F00C8799F /* AppRouter.swift */,
			);
			path = App;
			sourceTree = "<group>";
		};
		5E4734FB2DC310EC002E33DE /* Resources */ = {
			isa = PBXGroup;
			children = (
				5E4734F12DC310DA002E33DE /* Assets.xcassets */,
				5EE012352DC4283900C8799F /* LUTS */,
			);
			path = Resources;
			sourceTree = "<group>";
		};
		5E4734FC2DC310FA002E33DE /* Scenes */ = {
			isa = PBXGroup;
			children = (
				5EE012212DC421EB00C8799F /* Camera */,
				5EE012222DC421F200C8799F /* Detail */,
			);
			path = Scenes;
			sourceTree = "<group>";
		};
		5E4734FD2DC31105002E33DE /* Model */ = {
			isa = PBXGroup;
			children = (
				5E4734F32DC310DA002E33DE /* Item.swift */,
			);
			path = Model;
			sourceTree = "<group>";
		};
		5EE012202DC41E8C00C8799F /* Modules */ = {
			isa = PBXGroup;
			children = (
				5EE012592DC43C8F00C8799F /* Camera */,
				5EE012252DC4248900C8799F /* Factory */,
			);
			path = Modules;
			sourceTree = "<group>";
		};
		5EE012212DC421EB00C8799F /* Camera */ = {
			isa = PBXGroup;
			children = (
				5E4734F22DC310DA002E33DE /* CameraView.swift */,
			);
			path = Camera;
			sourceTree = "<group>";
		};
		5EE012222DC421F200C8799F /* Detail */ = {
			isa = PBXGroup;
			children = (
				5EE012282DC424C500C8799F /* DetailImageViewModel.swift */,
				5EE012232DC4220100C8799F /* DetailImageView.swift */,
			);
			path = Detail;
			sourceTree = "<group>";
		};
		5EE012252DC4248900C8799F /* Factory */ = {
			isa = PBXGroup;
			children = (
				5EE012262DC424A100C8799F /* DetailImageFactory.swift */,
			);
			path = Factory;
			sourceTree = "<group>";
		};
		5EE012352DC4283900C8799F /* LUTS */ = {
			isa = PBXGroup;
			children = (
				5EE0122A2DC4283900C8799F /* 1dezinho.CUBE */,
				5EE0122B2DC4283900C8799F /* 64_myfilter.CUBE */,
				5EE0122C2DC4283900C8799F /* customizado.CUBE */,
				5EE0122D2DC4283900C8799F /* customizado2.CUBE */,
				5EE0122E2DC4283900C8799F /* customizado3.CUBE */,
				5EE0122F2DC4283900C8799F /* Original.cube */,
				5EE012302DC4283900C8799F /* provia.CUBE */,
				5EE012312DC4283900C8799F /* redish.CUBE */,
				5EE012322DC4283900C8799F /* S-curve_for_CineStyle.cube */,
				5EE012332DC4283900C8799F /* tealorange.CUBE */,
				5EE012342DC4283900C8799F /* teste.CUBE */,
			);
			path = LUTS;
			sourceTree = "<group>";
		};
		5EE012592DC43C8F00C8799F /* Camera */ = {
			isa = PBXGroup;
			children = (
				5EE012572DC43C8F00C8799F /* CameraPreview.swift */,
				5EE012582DC43C8F00C8799F /* CameraViewController.swift */,
			);
			path = Camera;
			sourceTree = "<group>";
		};
/* End PBXGroup section */

/* Begin PBXNativeTarget section */
		5E4734B02DC30F8F002E33DE /* SpeedLens */ = {
			isa = PBXNativeTarget;
			buildConfigurationList = 5E4734D42DC30F90002E33DE /* Build configuration list for PBXNativeTarget "SpeedLens" */;
			buildPhases = (
				5E4734AD2DC30F8F002E33DE /* Sources */,
				5E4734AE2DC30F8F002E33DE /* Frameworks */,
				5E4734AF2DC30F8F002E33DE /* Resources */,
			);
			buildRules = (
			);
			dependencies = (
			);
			name = SpeedLens;
			packageProductDependencies = (
				5EE012142DC3126D00C8799F /* CubeLoaderKit */,
			);
			productName = SpeedLens;
			productReference = 5E4734B12DC30F8F002E33DE /* SpeedLens.app */;
			productType = "com.apple.product-type.application";
		};
		5E4734BF2DC30F90002E33DE /* SpeedLensTests */ = {
			isa = PBXNativeTarget;
			buildConfigurationList = 5E4734D72DC30F90002E33DE /* Build configuration list for PBXNativeTarget "SpeedLensTests" */;
			buildPhases = (
				5E4734BC2DC30F90002E33DE /* Sources */,
				5E4734BD2DC30F90002E33DE /* Frameworks */,
				5E4734BE2DC30F90002E33DE /* Resources */,
			);
			buildRules = (
			);
			dependencies = (
				5E4734C22DC30F90002E33DE /* PBXTargetDependency */,
			);
			fileSystemSynchronizedGroups = (
				5E4734C32DC30F90002E33DE /* SpeedLensTests */,
			);
			name = SpeedLensTests;
			packageProductDependencies = (
			);
			productName = SpeedLensTests;
			productReference = 5E4734C02DC30F90002E33DE /* SpeedLensTests.xctest */;
			productType = "com.apple.product-type.bundle.unit-test";
		};
		5E4734C92DC30F90002E33DE /* SpeedLensUITests */ = {
			isa = PBXNativeTarget;
			buildConfigurationList = 5E4734DA2DC30F90002E33DE /* Build configuration list for PBXNativeTarget "SpeedLensUITests" */;
			buildPhases = (
				5E4734C62DC30F90002E33DE /* Sources */,
				5E4734C72DC30F90002E33DE /* Frameworks */,
				5E4734C82DC30F90002E33DE /* Resources */,
			);
			buildRules = (
			);
			dependencies = (
				5E4734CC2DC30F90002E33DE /* PBXTargetDependency */,
			);
			fileSystemSynchronizedGroups = (
				5E4734CD2DC30F90002E33DE /* SpeedLensUITests */,
			);
			name = SpeedLensUITests;
			packageProductDependencies = (
			);
			productName = SpeedLensUITests;
			productReference = 5E4734CA2DC30F90002E33DE /* SpeedLensUITests.xctest */;
			productType = "com.apple.product-type.bundle.ui-testing";
		};
/* End PBXNativeTarget section */

/* Begin PBXProject section */
		5E4734A92DC30F8F002E33DE /* Project object */ = {
			isa = PBXProject;
			attributes = {
				BuildIndependentTargetsInParallel = 1;
				LastSwiftUpdateCheck = 1630;
				LastUpgradeCheck = 1630;
				TargetAttributes = {
					5E4734B02DC30F8F002E33DE = {
						CreatedOnToolsVersion = 16.3;
					};
					5E4734BF2DC30F90002E33DE = {
						CreatedOnToolsVersion = 16.3;
						TestTargetID = 5E4734B02DC30F8F002E33DE;
					};
					5E4734C92DC30F90002E33DE = {
						CreatedOnToolsVersion = 16.3;
						TestTargetID = 5E4734B02DC30F8F002E33DE;
					};
				};
			};
			buildConfigurationList = 5E4734AC2DC30F8F002E33DE /* Build configuration list for PBXProject "SpeedLens" */;
			developmentRegion = en;
			hasScannedForEncodings = 0;
			knownRegions = (
				en,
				Base,
			);
			mainGroup = 5E4734A82DC30F8F002E33DE;
			minimizedProjectReferenceProxies = 1;
			packageReferences = (
				5EE012132DC3126D00C8799F /* XCRemoteSwiftPackageReference "CubeLoaderKit" */,
			);
			preferredProjectObjectVersion = 77;
			productRefGroup = 5E4734B22DC30F8F002E33DE /* Products */;
			projectDirPath = "";
			projectRoot = "";
			targets = (
				5E4734B02DC30F8F002E33DE /* SpeedLens */,
				5E4734BF2DC30F90002E33DE /* SpeedLensTests */,
				5E4734C92DC30F90002E33DE /* SpeedLensUITests */,
			);
		};
/* End PBXProject section */

/* Begin PBXResourcesBuildPhase section */
		5E4734AF2DC30F8F002E33DE /* Resources */ = {
			isa = PBXResourcesBuildPhase;
			buildActionMask = 2147483647;
			files = (
				5EE012362DC4283900C8799F /* Original.cube in Resources */,
				5EE012372DC4283900C8799F /* S-curve_for_CineStyle.cube in Resources */,
				5EE012382DC4283900C8799F /* tealorange.CUBE in Resources */,
				5EE012392DC4283900C8799F /* customizado3.CUBE in Resources */,
				5EE0123A2DC4283900C8799F /* 64_myfilter.CUBE in Resources */,
				5EE0123B2DC4283900C8799F /* teste.CUBE in Resources */,
				5EE0123C2DC4283900C8799F /* 1dezinho.CUBE in Resources */,
				5EE0123D2DC4283900C8799F /* customizado.CUBE in Resources */,
				5EE0123E2DC4283900C8799F /* provia.CUBE in Resources */,
				5EE0123F2DC4283900C8799F /* redish.CUBE in Resources */,
				5EE012402DC4283900C8799F /* customizado2.CUBE in Resources */,
				5E4734F62DC310DA002E33DE /* Assets.xcassets in Resources */,
			);
			runOnlyForDeploymentPostprocessing = 0;
		};
		5E4734BE2DC30F90002E33DE /* Resources */ = {
			isa = PBXResourcesBuildPhase;
			buildActionMask = 2147483647;
			files = (
			);
			runOnlyForDeploymentPostprocessing = 0;
		};
		5E4734C82DC30F90002E33DE /* Resources */ = {
			isa = PBXResourcesBuildPhase;
			buildActionMask = 2147483647;
			files = (
			);
			runOnlyForDeploymentPostprocessing = 0;
		};
/* End PBXResourcesBuildPhase section */

/* Begin PBXSourcesBuildPhase section */
		5E4734AD2DC30F8F002E33DE /* Sources */ = {
			isa = PBXSourcesBuildPhase;
			buildActionMask = 2147483647;
			files = (
				5EE012292DC424C500C8799F /* DetailImageViewModel.swift in Sources */,
				5EE0121E2DC41B2F00C8799F /* AppRouter.swift in Sources */,
				5E4734F72DC310DA002E33DE /* CameraView.swift in Sources */,
				5E4734F82DC310DA002E33DE /* Item.swift in Sources */,
				5EE012242DC4220100C8799F /* DetailImageView.swift in Sources */,
				5EE012272DC424A100C8799F /* DetailImageFactory.swift in Sources */,
				5EE0125A2DC43C8F00C8799F /* CameraPreview.swift in Sources */,
				5EE0125B2DC43C8F00C8799F /* CameraViewController.swift in Sources */,
				5E4734F92DC310DA002E33DE /* SpeedLensApp.swift in Sources */,
			);
			runOnlyForDeploymentPostprocessing = 0;
		};
		5E4734BC2DC30F90002E33DE /* Sources */ = {
			isa = PBXSourcesBuildPhase;
			buildActionMask = 2147483647;
			files = (
			);
			runOnlyForDeploymentPostprocessing = 0;
		};
		5E4734C62DC30F90002E33DE /* Sources */ = {
			isa = PBXSourcesBuildPhase;
			buildActionMask = 2147483647;
			files = (
			);
			runOnlyForDeploymentPostprocessing = 0;
		};
/* End PBXSourcesBuildPhase section */

/* Begin PBXTargetDependency section */
		5E4734C22DC30F90002E33DE /* PBXTargetDependency */ = {
			isa = PBXTargetDependency;
			target = 5E4734B02DC30F8F002E33DE /* SpeedLens */;
			targetProxy = 5E4734C12DC30F90002E33DE /* PBXContainerItemProxy */;
		};
		5E4734CC2DC30F90002E33DE /* PBXTargetDependency */ = {
			isa = PBXTargetDependency;
			target = 5E4734B02DC30F8F002E33DE /* SpeedLens */;
			targetProxy = 5E4734CB2DC30F90002E33DE /* PBXContainerItemProxy */;
		};
/* End PBXTargetDependency section */

/* Begin XCBuildConfiguration section */
		5E4734D22DC30F90002E33DE /* Debug */ = {
			isa = XCBuildConfiguration;
			buildSettings = {
				ALWAYS_SEARCH_USER_PATHS = NO;
				ASSETCATALOG_COMPILER_GENERATE_SWIFT_ASSET_SYMBOL_EXTENSIONS = YES;
				CLANG_ANALYZER_NONNULL = YES;
				CLANG_ANALYZER_NUMBER_OBJECT_CONVERSION = YES_AGGRESSIVE;
				CLANG_CXX_LANGUAGE_STANDARD = "gnu++20";
				CLANG_ENABLE_MODULES = YES;
				CLANG_ENABLE_OBJC_ARC = YES;
				CLANG_ENABLE_OBJC_WEAK = YES;
				CLANG_WARN_BLOCK_CAPTURE_AUTORELEASING = YES;
				CLANG_WARN_BOOL_CONVERSION = YES;
				CLANG_WARN_COMMA = YES;
				CLANG_WARN_CONSTANT_CONVERSION = YES;
				CLANG_WARN_DEPRECATED_OBJC_IMPLEMENTATIONS = YES;
				CLANG_WARN_DIRECT_OBJC_ISA_USAGE = YES_ERROR;
				CLANG_WARN_DOCUMENTATION_COMMENTS = YES;
				CLANG_WARN_EMPTY_BODY = YES;
				CLANG_WARN_ENUM_CONVERSION = YES;
				CLANG_WARN_INFINITE_RECURSION = YES;
				CLANG_WARN_INT_CONVERSION = YES;
				CLANG_WARN_NON_LITERAL_NULL_CONVERSION = YES;
				CLANG_WARN_OBJC_IMPLICIT_RETAIN_SELF = YES;
				CLANG_WARN_OBJC_LITERAL_CONVERSION = YES;
				CLANG_WARN_OBJC_ROOT_CLASS = YES_ERROR;
				CLANG_WARN_QUOTED_INCLUDE_IN_FRAMEWORK_HEADER = YES;
				CLANG_WARN_RANGE_LOOP_ANALYSIS = YES;
				CLANG_WARN_STRICT_PROTOTYPES = YES;
				CLANG_WARN_SUSPICIOUS_MOVE = YES;
				CLANG_WARN_UNGUARDED_AVAILABILITY = YES_AGGRESSIVE;
				CLANG_WARN_UNREACHABLE_CODE = YES;
				CLANG_WARN__DUPLICATE_METHOD_MATCH = YES;
				COPY_PHASE_STRIP = NO;
				DEBUG_INFORMATION_FORMAT = dwarf;
				DEVELOPMENT_TEAM = J8JPD2534R;
				ENABLE_STRICT_OBJC_MSGSEND = YES;
				ENABLE_TESTABILITY = YES;
				ENABLE_USER_SCRIPT_SANDBOXING = YES;
				GCC_C_LANGUAGE_STANDARD = gnu17;
				GCC_DYNAMIC_NO_PIC = NO;
				GCC_NO_COMMON_BLOCKS = YES;
				GCC_OPTIMIZATION_LEVEL = 0;
				GCC_PREPROCESSOR_DEFINITIONS = (
					"DEBUG=1",
					"$(inherited)",
				);
				GCC_WARN_64_TO_32_BIT_CONVERSION = YES;
				GCC_WARN_ABOUT_RETURN_TYPE = YES_ERROR;
				GCC_WARN_UNDECLARED_SELECTOR = YES;
				GCC_WARN_UNINITIALIZED_AUTOS = YES_AGGRESSIVE;
				GCC_WARN_UNUSED_FUNCTION = YES;
				GCC_WARN_UNUSED_VARIABLE = YES;
				IPHONEOS_DEPLOYMENT_TARGET = 18.4;
				LOCALIZATION_PREFERS_STRING_CATALOGS = YES;
				MTL_ENABLE_DEBUG_INFO = INCLUDE_SOURCE;
				MTL_FAST_MATH = YES;
				ONLY_ACTIVE_ARCH = YES;
				SDKROOT = iphoneos;
				SWIFT_ACTIVE_COMPILATION_CONDITIONS = "DEBUG $(inherited)";
				SWIFT_OPTIMIZATION_LEVEL = "-Onone";
			};
			name = Debug;
		};
		5E4734D32DC30F90002E33DE /* Release */ = {
			isa = XCBuildConfiguration;
			buildSettings = {
				ALWAYS_SEARCH_USER_PATHS = NO;
				ASSETCATALOG_COMPILER_GENERATE_SWIFT_ASSET_SYMBOL_EXTENSIONS = YES;
				CLANG_ANALYZER_NONNULL = YES;
				CLANG_ANALYZER_NUMBER_OBJECT_CONVERSION = YES_AGGRESSIVE;
				CLANG_CXX_LANGUAGE_STANDARD = "gnu++20";
				CLANG_ENABLE_MODULES = YES;
				CLANG_ENABLE_OBJC_ARC = YES;
				CLANG_ENABLE_OBJC_WEAK = YES;
				CLANG_WARN_BLOCK_CAPTURE_AUTORELEASING = YES;
				CLANG_WARN_BOOL_CONVERSION = YES;
				CLANG_WARN_COMMA = YES;
				CLANG_WARN_CONSTANT_CONVERSION = YES;
				CLANG_WARN_DEPRECATED_OBJC_IMPLEMENTATIONS = YES;
				CLANG_WARN_DIRECT_OBJC_ISA_USAGE = YES_ERROR;
				CLANG_WARN_DOCUMENTATION_COMMENTS = YES;
				CLANG_WARN_EMPTY_BODY = YES;
				CLANG_WARN_ENUM_CONVERSION = YES;
				CLANG_WARN_INFINITE_RECURSION = YES;
				CLANG_WARN_INT_CONVERSION = YES;
				CLANG_WARN_NON_LITERAL_NULL_CONVERSION = YES;
				CLANG_WARN_OBJC_IMPLICIT_RETAIN_SELF = YES;
				CLANG_WARN_OBJC_LITERAL_CONVERSION = YES;
				CLANG_WARN_OBJC_ROOT_CLASS = YES_ERROR;
				CLANG_WARN_QUOTED_INCLUDE_IN_FRAMEWORK_HEADER = YES;
				CLANG_WARN_RANGE_LOOP_ANALYSIS = YES;
				CLANG_WARN_STRICT_PROTOTYPES = YES;
				CLANG_WARN_SUSPICIOUS_MOVE = YES;
				CLANG_WARN_UNGUARDED_AVAILABILITY = YES_AGGRESSIVE;
				CLANG_WARN_UNREACHABLE_CODE = YES;
				CLANG_WARN__DUPLICATE_METHOD_MATCH = YES;
				COPY_PHASE_STRIP = NO;
				DEBUG_INFORMATION_FORMAT = "dwarf-with-dsym";
				DEVELOPMENT_TEAM = J8JPD2534R;
				ENABLE_NS_ASSERTIONS = NO;
				ENABLE_STRICT_OBJC_MSGSEND = YES;
				ENABLE_USER_SCRIPT_SANDBOXING = YES;
				GCC_C_LANGUAGE_STANDARD = gnu17;
				GCC_NO_COMMON_BLOCKS = YES;
				GCC_WARN_64_TO_32_BIT_CONVERSION = YES;
				GCC_WARN_ABOUT_RETURN_TYPE = YES_ERROR;
				GCC_WARN_UNDECLARED_SELECTOR = YES;
				GCC_WARN_UNINITIALIZED_AUTOS = YES_AGGRESSIVE;
				GCC_WARN_UNUSED_FUNCTION = YES;
				GCC_WARN_UNUSED_VARIABLE = YES;
				IPHONEOS_DEPLOYMENT_TARGET = 18.4;
				LOCALIZATION_PREFERS_STRING_CATALOGS = YES;
				MTL_ENABLE_DEBUG_INFO = NO;
				MTL_FAST_MATH = YES;
				SDKROOT = iphoneos;
				SWIFT_COMPILATION_MODE = wholemodule;
				VALIDATE_PRODUCT = YES;
			};
			name = Release;
		};
		5E4734D52DC30F90002E33DE /* Debug */ = {
			isa = XCBuildConfiguration;
			buildSettings = {
				ASSETCATALOG_COMPILER_APPICON_NAME = AppIcon;
				ASSETCATALOG_COMPILER_GLOBAL_ACCENT_COLOR_NAME = AccentColor;
				CODE_SIGN_STYLE = Automatic;
				CURRENT_PROJECT_VERSION = 1;
				DEVELOPMENT_TEAM = J8JPD2534R;
				ENABLE_PREVIEWS = YES;
				GENERATE_INFOPLIST_FILE = YES;
				INFOPLIST_KEY_NSCameraUsageDescription = "posso tirar?";
				INFOPLIST_KEY_NSPhotoLibraryUsageDescription = "posso salvar?";
				INFOPLIST_KEY_UIApplicationSceneManifest_Generation = YES;
				INFOPLIST_KEY_UIApplicationSupportsIndirectInputEvents = YES;
				INFOPLIST_KEY_UILaunchScreen_Generation = YES;
				INFOPLIST_KEY_UISupportedInterfaceOrientations_iPad = "UIInterfaceOrientationPortrait UIInterfaceOrientationPortraitUpsideDown UIInterfaceOrientationLandscapeLeft UIInterfaceOrientationLandscapeRight";
				INFOPLIST_KEY_UISupportedInterfaceOrientations_iPhone = "UIInterfaceOrientationPortrait UIInterfaceOrientationLandscapeLeft UIInterfaceOrientationLandscapeRight";
				LD_RUNPATH_SEARCH_PATHS = (
					"$(inherited)",
					"@executable_path/Frameworks",
				);
				MARKETING_VERSION = 1.0;
				PRODUCT_BUNDLE_IDENTIFIER = com.SpeedLens;
				PRODUCT_NAME = "$(TARGET_NAME)";
				SWIFT_EMIT_LOC_STRINGS = YES;
				SWIFT_VERSION = 5.0;
				TARGETED_DEVICE_FAMILY = "1,2";
			};
			name = Debug;
		};
		5E4734D62DC30F90002E33DE /* Release */ = {
			isa = XCBuildConfiguration;
			buildSettings = {
				ASSETCATALOG_COMPILER_APPICON_NAME = AppIcon;
				ASSETCATALOG_COMPILER_GLOBAL_ACCENT_COLOR_NAME = AccentColor;
				CODE_SIGN_STYLE = Automatic;
				CURRENT_PROJECT_VERSION = 1;
				DEVELOPMENT_TEAM = J8JPD2534R;
				ENABLE_PREVIEWS = YES;
				GENERATE_INFOPLIST_FILE = YES;
				INFOPLIST_KEY_NSCameraUsageDescription = "posso tirar?";
				INFOPLIST_KEY_NSPhotoLibraryUsageDescription = "posso salvar?";
				INFOPLIST_KEY_UIApplicationSceneManifest_Generation = YES;
				INFOPLIST_KEY_UIApplicationSupportsIndirectInputEvents = YES;
				INFOPLIST_KEY_UILaunchScreen_Generation = YES;
				INFOPLIST_KEY_UISupportedInterfaceOrientations_iPad = "UIInterfaceOrientationPortrait UIInterfaceOrientationPortraitUpsideDown UIInterfaceOrientationLandscapeLeft UIInterfaceOrientationLandscapeRight";
				INFOPLIST_KEY_UISupportedInterfaceOrientations_iPhone = "UIInterfaceOrientationPortrait UIInterfaceOrientationLandscapeLeft UIInterfaceOrientationLandscapeRight";
				LD_RUNPATH_SEARCH_PATHS = (
					"$(inherited)",
					"@executable_path/Frameworks",
				);
				MARKETING_VERSION = 1.0;
				PRODUCT_BUNDLE_IDENTIFIER = com.SpeedLens;
				PRODUCT_NAME = "$(TARGET_NAME)";
				SWIFT_EMIT_LOC_STRINGS = YES;
				SWIFT_VERSION = 5.0;
				TARGETED_DEVICE_FAMILY = "1,2";
			};
			name = Release;
		};
		5E4734D82DC30F90002E33DE /* Debug */ = {
			isa = XCBuildConfiguration;
			buildSettings = {
				BUNDLE_LOADER = "$(TEST_HOST)";
				CODE_SIGN_STYLE = Automatic;
				CURRENT_PROJECT_VERSION = 1;
				DEVELOPMENT_TEAM = J8JPD2534R;
				GENERATE_INFOPLIST_FILE = YES;
				IPHONEOS_DEPLOYMENT_TARGET = 18.4;
				MARKETING_VERSION = 1.0;
				PRODUCT_BUNDLE_IDENTIFIER = com.SpeedLensTests;
				PRODUCT_NAME = "$(TARGET_NAME)";
				SWIFT_EMIT_LOC_STRINGS = NO;
				SWIFT_VERSION = 5.0;
				TARGETED_DEVICE_FAMILY = "1,2";
				TEST_HOST = "$(BUILT_PRODUCTS_DIR)/SpeedLens.app/$(BUNDLE_EXECUTABLE_FOLDER_PATH)/SpeedLens";
			};
			name = Debug;
		};
		5E4734D92DC30F90002E33DE /* Release */ = {
			isa = XCBuildConfiguration;
			buildSettings = {
				BUNDLE_LOADER = "$(TEST_HOST)";
				CODE_SIGN_STYLE = Automatic;
				CURRENT_PROJECT_VERSION = 1;
				DEVELOPMENT_TEAM = J8JPD2534R;
				GENERATE_INFOPLIST_FILE = YES;
				IPHONEOS_DEPLOYMENT_TARGET = 18.4;
				MARKETING_VERSION = 1.0;
				PRODUCT_BUNDLE_IDENTIFIER = com.SpeedLensTests;
				PRODUCT_NAME = "$(TARGET_NAME)";
				SWIFT_EMIT_LOC_STRINGS = NO;
				SWIFT_VERSION = 5.0;
				TARGETED_DEVICE_FAMILY = "1,2";
				TEST_HOST = "$(BUILT_PRODUCTS_DIR)/SpeedLens.app/$(BUNDLE_EXECUTABLE_FOLDER_PATH)/SpeedLens";
			};
			name = Release;
		};
		5E4734DB2DC30F90002E33DE /* Debug */ = {
			isa = XCBuildConfiguration;
			buildSettings = {
				CODE_SIGN_STYLE = Automatic;
				CURRENT_PROJECT_VERSION = 1;
				DEVELOPMENT_TEAM = J8JPD2534R;
				GENERATE_INFOPLIST_FILE = YES;
				MARKETING_VERSION = 1.0;
				PRODUCT_BUNDLE_IDENTIFIER = com.SpeedLensUITests;
				PRODUCT_NAME = "$(TARGET_NAME)";
				SWIFT_EMIT_LOC_STRINGS = NO;
				SWIFT_VERSION = 5.0;
				TARGETED_DEVICE_FAMILY = "1,2";
				TEST_TARGET_NAME = SpeedLens;
			};
			name = Debug;
		};
		5E4734DC2DC30F90002E33DE /* Release */ = {
			isa = XCBuildConfiguration;
			buildSettings = {
				CODE_SIGN_STYLE = Automatic;
				CURRENT_PROJECT_VERSION = 1;
				DEVELOPMENT_TEAM = J8JPD2534R;
				GENERATE_INFOPLIST_FILE = YES;
				MARKETING_VERSION = 1.0;
				PRODUCT_BUNDLE_IDENTIFIER = com.SpeedLensUITests;
				PRODUCT_NAME = "$(TARGET_NAME)";
				SWIFT_EMIT_LOC_STRINGS = NO;
				SWIFT_VERSION = 5.0;
				TARGETED_DEVICE_FAMILY = "1,2";
				TEST_TARGET_NAME = SpeedLens;
			};
			name = Release;
		};
/* End XCBuildConfiguration section */

/* Begin XCConfigurationList section */
		5E4734AC2DC30F8F002E33DE /* Build configuration list for PBXProject "SpeedLens" */ = {
			isa = XCConfigurationList;
			buildConfigurations = (
				5E4734D22DC30F90002E33DE /* Debug */,
				5E4734D32DC30F90002E33DE /* Release */,
			);
			defaultConfigurationIsVisible = 0;
			defaultConfigurationName = Release;
		};
		5E4734D42DC30F90002E33DE /* Build configuration list for PBXNativeTarget "SpeedLens" */ = {
			isa = XCConfigurationList;
			buildConfigurations = (
				5E4734D52DC30F90002E33DE /* Debug */,
				5E4734D62DC30F90002E33DE /* Release */,
			);
			defaultConfigurationIsVisible = 0;
			defaultConfigurationName = Release;
		};
		5E4734D72DC30F90002E33DE /* Build configuration list for PBXNativeTarget "SpeedLensTests" */ = {
			isa = XCConfigurationList;
			buildConfigurations = (
				5E4734D82DC30F90002E33DE /* Debug */,
				5E4734D92DC30F90002E33DE /* Release */,
			);
			defaultConfigurationIsVisible = 0;
			defaultConfigurationName = Release;
		};
		5E4734DA2DC30F90002E33DE /* Build configuration list for PBXNativeTarget "SpeedLensUITests" */ = {
			isa = XCConfigurationList;
			buildConfigurations = (
				5E4734DB2DC30F90002E33DE /* Debug */,
				5E4734DC2DC30F90002E33DE /* Release */,
			);
			defaultConfigurationIsVisible = 0;
			defaultConfigurationName = Release;
		};
/* End XCConfigurationList section */

/* Begin XCRemoteSwiftPackageReference section */
		5EE012132DC3126D00C8799F /* XCRemoteSwiftPackageReference "CubeLoaderKit" */ = {
			isa = XCRemoteSwiftPackageReference;
			repositoryURL = "https://github.com/GeorgeAGomes/CubeLoaderKit.git";
			requirement = {
				kind = exactVersion;
				version = "0.1.0-beta.1";
			};
		};
/* End XCRemoteSwiftPackageReference section */

/* Begin XCSwiftPackageProductDependency section */
		5EE012142DC3126D00C8799F /* CubeLoaderKit */ = {
			isa = XCSwiftPackageProductDependency;
			package = 5EE012132DC3126D00C8799F /* XCRemoteSwiftPackageReference "CubeLoaderKit" */;
			productName = CubeLoaderKit;
		};
/* End XCSwiftPackageProductDependency section */
	};
	rootObject = 5E4734A92DC30F8F002E33DE /* Project object */;
}
